<?xml version="1.0" encoding="utf-8"?>
<Project ToolsVersion="4.0" xmlns="http://schemas.microsoft.com/developer/msbuild/2003">
  <ItemGroup>
    <Filter Include="Source Files">
      <UniqueIdentifier>{4FC737F1-C7A5-4376-A066-2A32D752A2FF}</UniqueIdentifier>
      <Extensions>cpp;c;cc;cxx;c++;cppm;ixx;def;odl;idl;hpj;bat;asm;asmx</Extensions>
    </Filter>
    <Filter Include="Source Files\Physics">
      <UniqueIdentifier>{718ac82b-3bdd-419e-80f0-10aa3db23009}</UniqueIdentifier>
    </Filter>
    <Filter Include="Source Files\Tests">
      <UniqueIdentifier>{8786bc1d-620b-49dd-8349-8a6d040c0c63}</UniqueIdentifier>
    </Filter>
    <Filter Include="Source Files\Physics\Force">
      <UniqueIdentifier>{355e5ffd-11d2-41c3-a6ca-9ef7bf600110}</UniqueIdentifier>
    </Filter>
    <Filter Include="Source Files\Physics\Gravity">
      <UniqueIdentifier>{0441dbc0-5c64-4ac1-9cbd-d94d6482c492}</UniqueIdentifier>
    </Filter>
    <Filter Include="Source Files\Physics\Joints">
      <UniqueIdentifier>{e3260368-0c0c-4a68-aafe-1f789823896f}</UniqueIdentifier>
    </Filter>
    <Filter Include="Source Files\Engine">
      <UniqueIdentifier>{7d6ebfa9-7464-469e-b037-3eaeeef86f84}</UniqueIdentifier>
    </Filter>
    <Filter Include="Source Files\Engine\Body">
      <UniqueIdentifier>{9e45b77c-3a54-4aca-b77e-a0912e5ed99a}</UniqueIdentifier>
    </Filter>
    <Filter Include="Source Files\Engine\Graphics">
      <UniqueIdentifier>{c35fc4c1-311a-42fb-a4ce-d874afb21f8c}</UniqueIdentifier>
    </Filter>
    <Filter Include="Source Files\Engine\Input">
      <UniqueIdentifier>{ad589dd5-1c06-45b6-8d8f-fcdbaf235307}</UniqueIdentifier>
    </Filter>
    <Filter Include="Source Files\Engine\Math">
      <UniqueIdentifier>{5ed1ae94-cca7-4436-9c03-908e29e4e564}</UniqueIdentifier>
    </Filter>
    <Filter Include="Source Files\Engine\Primitives">
      <UniqueIdentifier>{f7a1ce7e-1896-4b31-967d-c29564fabf83}</UniqueIdentifier>
    </Filter>
    <Filter Include="Source Files\Engine\Shapes">
      <UniqueIdentifier>{f316b557-b1cd-4fcd-8047-2129446870c7}</UniqueIdentifier>
    </Filter>
    <Filter Include="Source Files\Engine\World">
      <UniqueIdentifier>{72ed9a98-6575-4d97-80b6-6a7d739b90a4}</UniqueIdentifier>
    </Filter>
    <Filter Include="Source Files\Physics\Collision">
      <UniqueIdentifier>{47e6252d-8eac-4850-9312-3b716b3fb5c5}</UniqueIdentifier>
    </Filter>
  </ItemGroup>
  <ItemGroup>
    <ClCompile Include="Main.cpp">
      <Filter>Source Files</Filter>
    </ClCompile>
    <ClCompile Include="Tests\ParticleTest.cpp">
      <Filter>Source Files\Tests</Filter>
    </ClCompile>
    <ClCompile Include="Tests\Test.cpp">
      <Filter>Source Files\Tests</Filter>
    </ClCompile>
    <ClCompile Include="Tests\ForceTest.cpp">
      <Filter>Source Files\Tests</Filter>
    </ClCompile>
    <ClCompile Include="Tests\JointTest.cpp">
      <Filter>Source Files\Tests</Filter>
    </ClCompile>
    <ClCompile Include="Engine\Body\Body.cpp">
      <Filter>Source Files\Engine\Body</Filter>
    </ClCompile>
    <ClCompile Include="Engine\Shapes\CircleShape.cpp">
      <Filter>Source Files\Engine\Shapes</Filter>
    </ClCompile>
    <ClCompile Include="Engine\Graphics\Graphics.cpp">
      <Filter>Source Files\Engine\Graphics</Filter>
    </ClCompile>
    <ClCompile Include="Engine\Input\Input.cpp">
      <Filter>Source Files\Engine\Input</Filter>
    </ClCompile>
    <ClCompile Include="Engine\Math\Integrator.cpp">
      <Filter>Source Files\Engine\Math</Filter>
    </ClCompile>
    <ClCompile Include="Engine\Primitives\Primitives.cpp">
      <Filter>Source Files\Engine\Primitives</Filter>
    </ClCompile>
    <ClCompile Include="Engine\Math\Time.cpp">
      <Filter>Source Files\Engine\Math</Filter>
    </ClCompile>
    <ClCompile Include="Engine\World\World.cpp">
      <Filter>Source Files\Engine\World</Filter>
    </ClCompile>
    <ClCompile Include="Physics\Force\ForceGenerator.cpp">
      <Filter>Source Files\Physics\Force</Filter>
    </ClCompile>
    <ClCompile Include="Physics\Gravity\GravForce.cpp">
      <Filter>Source Files\Physics\Gravity</Filter>
    </ClCompile>
    <ClCompile Include="Physics\Force\AreaForce.cpp">
      <Filter>Source Files\Physics\Force</Filter>
    </ClCompile>
    <ClCompile Include="Physics\Force\DragForce.cpp">
      <Filter>Source Files\Physics\Force</Filter>
    </ClCompile>
    <ClCompile Include="Physics\Force\PointForce.cpp">
      <Filter>Source Files\Physics\Force</Filter>
    </ClCompile>
    <ClCompile Include="Physics\Joints\Joint.cpp">
      <Filter>Source Files\Physics\Joints</Filter>
    </ClCompile>
    <ClCompile Include="Physics\Collision\Collision.cpp">
      <Filter>Source Files\Physics\Collision</Filter>
    </ClCompile>
    <ClCompile Include="Tests\CollisionTest.cpp">
      <Filter>Source Files\Tests</Filter>
    </ClCompile>
  </ItemGroup>
  <ItemGroup>
    <ClInclude Include="Tests\ParticleTest.h">
      <Filter>Source Files\Tests</Filter>
    </ClInclude>
    <ClInclude Include="Tests\Test.h">
      <Filter>Source Files\Tests</Filter>
    </ClInclude>
    <ClInclude Include="Tests\ForceTest.h">
      <Filter>Source Files\Tests</Filter>
    </ClInclude>
    <ClInclude Include="Tests\JointTest.h">
      <Filter>Source Files\Tests</Filter>
    </ClInclude>
    <ClInclude Include="Engine\Body\Body.h">
      <Filter>Source Files\Engine\Body</Filter>
    </ClInclude>
    <ClInclude Include="Engine\Shapes\CircleShape.h">
      <Filter>Source Files\Engine\Shapes</Filter>
    </ClInclude>
    <ClInclude Include="Engine\Shapes\Shape.h">
      <Filter>Source Files\Engine\Shapes</Filter>
    </ClInclude>
    <ClInclude Include="Engine\Graphics\Graphics.h">
      <Filter>Source Files\Engine\Graphics</Filter>
    </ClInclude>
    <ClInclude Include="Engine\Input\Input.h">
      <Filter>Source Files\Engine\Input</Filter>
    </ClInclude>
    <ClInclude Include="Engine\Math\Integrator.h">
      <Filter>Source Files\Engine\Math</Filter>
    </ClInclude>
    <ClInclude Include="Engine\Primitives\Primitives.h">
      <Filter>Source Files\Engine\Primitives</Filter>
    </ClInclude>
    <ClInclude Include="Engine\Math\Random.h">
      <Filter>Source Files\Engine\Math</Filter>
    </ClInclude>
    <ClInclude Include="Engine\Math\Time.h">
      <Filter>Source Files\Engine\Math</Filter>
    </ClInclude>
    <ClInclude Include="Engine\World\World.h">
      <Filter>Source Files\Engine\World</Filter>
    </ClInclude>
    <ClInclude Include="Physics\Force\ForceGenerator.h">
      <Filter>Source Files\Physics\Force</Filter>
    </ClInclude>
    <ClInclude Include="Physics\Gravity\GravForce.h">
      <Filter>Source Files\Physics\Gravity</Filter>
    </ClInclude>
    <ClInclude Include="Physics\Force\AreaForce.h">
      <Filter>Source Files\Physics\Force</Filter>
    </ClInclude>
    <ClInclude Include="Physics\Force\DragForce.h">
      <Filter>Source Files\Physics\Force</Filter>
    </ClInclude>
    <ClInclude Include="Physics\Force\PointForce.h">
      <Filter>Source Files\Physics\Force</Filter>
    </ClInclude>
    <ClInclude Include="Physics\Joints\Joint.h">
      <Filter>Source Files\Physics\Joints</Filter>
    </ClInclude>
    <ClInclude Include="Physics\Collision\Collision.h">
      <Filter>Source Files\Physics\Collision</Filter>
    </ClInclude>
    <ClInclude Include="Physics\Collision\Contact.h">
      <Filter>Source Files\Physics\Collision</Filter>
    </ClInclude>
    <ClInclude Include="Tests\CollisionTest.h">
      <Filter>Source Files\Tests</Filter>
    </ClInclude>
  </ItemGroup>
</Project>